
Microsoft Visual Studio Solution File, Format Version 12.00
# Visual Studio Version 16
VisualStudioVersion = 16.0.30717.126
MinimumVisualStudioVersion = 10.0.40219.1
Project("{FAE04EC0-301F-11D3-BF4B-00C04F79EFBC}") = "Core", "Core\Core.csproj", "{3F05F43D-2134-4CBB-8C12-54D19A78792C}"
EndProject
Project("{FAE04EC0-301F-11D3-BF4B-00C04F79EFBC}") = "Console", "Console\Console.csproj", "{020657FF-E355-43A1-B99E-3EF0AB44B73A}"
EndProject
Global
	GlobalSection(SolutionConfigurationPlatforms) = preSolution
		Debug|Any CPU = Debug|Any CPU
		Release|Any CPU = Release|Any CPU
	EndGlobalSection
	GlobalSection(ProjectConfigurationPlatforms) = postSolution
		{3F05F43D-2134-4CBB-8C12-54D19A78792C}.Debug|Any CPU.ActiveCfg = Debug|Any CPU
		{3F05F43D-2134-4CBB-8C12-54D19A78792C}.Debug|Any CPU.Build.0 = Debug|Any CPU
		{3F05F43D-2134-4CBB-8C12-54D19A78792C}.Release|Any CPU.ActiveCfg = Release|Any CPU
		{3F05F43D-2134-4CBB-8C12-54D19A78792C}.Release|Any CPU.Build.0 = Release|Any CPU
		{020657FF-E355-43A1-B99E-3EF0AB44B73A}.Debug|Any CPU.ActiveCfg = Debug|Any CPU
		{020657FF-E355-43A1-B99E-3EF0AB44B73A}.Debug|Any CPU.Build.0 = Debug|Any CPU
		{020657FF-E355-43A1-B99E-3EF0AB44B73A}.Release|Any CPU.ActiveCfg = Release|Any CPU
		{020657FF-E355-43A1-B99E-3EF0AB44B73A}.Release|Any CPU.Build.0 = Release|Any CPU
	EndGlobalSection
	GlobalSection(SolutionProperties) = preSolution
		HideSolutionNode = FALSE
	EndGlobalSection
	GlobalSection(ExtensibilityGlobals) = postSolution
		SolutionGuid = {00F9579D-2801-476E-94B8-BBF835DC7EAF}
	EndGlobalSection
EndGlobal
